// !$*UTF8*$!
{
	archiveVersion = 1;
	classes = {
	};
	objectVersion = 46;
	objects = {

/* Begin PBXBuildFile section */
		5DE040DC1EC0BF0A00C12E02 /* AppDelegate.swift in Sources */ = {isa = PBXBuildFile; fileRef = 5DE040DB1EC0BF0A00C12E02 /* AppDelegate.swift */; };
		5DE040DE1EC0BF0A00C12E02 /* ViewController.swift in Sources */ = {isa = PBXBuildFile; fileRef = 5DE040DD1EC0BF0A00C12E02 /* ViewController.swift */; };
		5DE040E11EC0BF0A00C12E02 /* Main.storyboard in Resources */ = {isa = PBXBuildFile; fileRef = 5DE040DF1EC0BF0A00C12E02 /* Main.storyboard */; };
		5DE040E31EC0BF0A00C12E02 /* Assets.xcassets in Resources */ = {isa = PBXBuildFile; fileRef = 5DE040E21EC0BF0A00C12E02 /* Assets.xcassets */; };
		5DE040E61EC0BF0A00C12E02 /* LaunchScreen.storyboard in Resources */ = {isa = PBXBuildFile; fileRef = 5DE040E41EC0BF0A00C12E02 /* LaunchScreen.storyboard */; };
		D80CA7BBDF8776899533F346 /* Pods_AlamofireTest.framework in Frameworks */ = {isa = PBXBuildFile; fileRef = 7B4E130D1A7F6790B7278A5B /* Pods_AlamofireTest.framework */; };
/* End PBXBuildFile section */

/* Begin PBXFileReference section */
		27450A7F4D610402F231E2C4 /* Pods-AlamofireTest.debug.xcconfig */ = {isa = PBXFileReference; includeInIndex = 1; lastKnownFileType = text.xcconfig; name = "Pods-AlamofireTest.debug.xcconfig"; path = "Pods/Target Support Files/Pods-AlamofireTest/Pods-AlamofireTest.debug.xcconfig"; sourceTree = "<group>"; };
		5DE040D81EC0BF0A00C12E02 /* AlamofireTest.app */ = {isa = PBXFileReference; explicitFileType = wrapper.application; includeInIndex = 0; path = AlamofireTest.app; sourceTree = BUILT_PRODUCTS_DIR; };
		5DE040DB1EC0BF0A00C12E02 /* AppDelegate.swift */ = {isa = PBXFileReference; lastKnownFileType = sourcecode.swift; path = AppDelegate.swift; sourceTree = "<group>"; };
		5DE040DD1EC0BF0A00C12E02 /* ViewController.swift */ = {isa = PBXFileReference; lastKnownFileType = sourcecode.swift; path = ViewController.swift; sourceTree = "<group>"; };
		5DE040E01EC0BF0A00C12E02 /* Base */ = {isa = PBXFileReference; lastKnownFileType = file.storyboard; name = Base; path = Base.lproj/Main.storyboard; sourceTree = "<group>"; };
		5DE040E21EC0BF0A00C12E02 /* Assets.xcassets */ = {isa = PBXFileReference; lastKnownFileType = folder.assetcatalog; path = Assets.xcassets; sourceTree = "<group>"; };
		5DE040E51EC0BF0A00C12E02 /* Base */ = {isa = PBXFileReference; lastKnownFileType = file.storyboard; name = Base; path = Base.lproj/LaunchScreen.storyboard; sourceTree = "<group>"; };
		5DE040E71EC0BF0A00C12E02 /* Info.plist */ = {isa = PBXFileReference; lastKnownFileType = text.plist.xml; path = Info.plist; sourceTree = "<group>"; };
		7B4E130D1A7F6790B7278A5B /* Pods_AlamofireTest.framework */ = {isa = PBXFileReference; explicitFileType = wrapper.framework; includeInIndex = 0; path = Pods_AlamofireTest.framework; sourceTree = BUILT_PRODUCTS_DIR; };
		A237862358D905C7650A8E2F /* Pods-AlamofireTest.release.xcconfig */ = {isa = PBXFileReference; includeInIndex = 1; lastKnownFileType = text.xcconfig; name = "Pods-AlamofireTest.release.xcconfig"; path = "Pods/Target Support Files/Pods-AlamofireTest/Pods-AlamofireTest.release.xcconfig"; sourceTree = "<group>"; };
/* End PBXFileReference section */

/* Begin PBXFrameworksBuildPhase section */
		5DE040D51EC0BF0A00C12E02 /* Frameworks */ = {
			isa = PBXFrameworksBuildPhase;
			buildActionMask = 2147483647;
			files = (
				D80CA7BBDF8776899533F346 /* Pods_AlamofireTest.framework in Frameworks */,
			);
			runOnlyForDeploymentPostprocessing = 0;
		};
/* End PBXFrameworksBuildPhase section */

/* Begin PBXGroup section */
		4D9C5167160C9FF225F8321D /* Frameworks */ = {
			isa = PBXGroup;
			children = (
				7B4E130D1A7F6790B7278A5B /* Pods_AlamofireTest.framework */,
			);
			name = Frameworks;
			sourceTree = "<group>";
		};
		5DE040CF1EC0BF0A00C12E02 = {
			isa = PBXGroup;
			children = (
				5DE040DA1EC0BF0A00C12E02 /* AlamofireTest */,
				5DE040D91EC0BF0A00C12E02 /* Products */,
				D1C27624C2DBF5B72D9B4DE9 /* Pods */,
				4D9C5167160C9FF225F8321D /* Frameworks */,
			);
			sourceTree = "<group>";
		};
		5DE040D91EC0BF0A00C12E02 /* Products */ = {
			isa = PBXGroup;
			children = (
				5DE040D81EC0BF0A00C12E02 /* AlamofireTest.app */,
			);
			name = Products;
			sourceTree = "<group>";
		};
		5DE040DA1EC0BF0A00C12E02 /* AlamofireTest */ = {
			isa = PBXGroup;
			children = (
				5DE040DB1EC0BF0A00C12E02 /* AppDelegate.swift */,
				5DE040DD1EC0BF0A00C12E02 /* ViewController.swift */,
				5DE040DF1EC0BF0A00C12E02 /* Main.storyboard */,
				5DE040E21EC0BF0A00C12E02 /* Assets.xcassets */,
				5DE040E41EC0BF0A00C12E02 /* LaunchScreen.storyboard */,
				5DE040E71EC0BF0A00C12E02 /* Info.plist */,
			);
			path = AlamofireTest;
			sourceTree = "<group>";
		};
		D1C27624C2DBF5B72D9B4DE9 /* Pods */ = {
			isa = PBXGroup;
			children = (
				27450A7F4D610402F231E2C4 /* Pods-AlamofireTest.debug.xcconfig */,
				A237862358D905C7650A8E2F /* Pods-AlamofireTest.release.xcconfig */,
			);
			name = Pods;
			sourceTree = "<group>";
		};
/* End PBXGroup section */

/* Begin PBXNativeTarget section */
		5DE040D71EC0BF0A00C12E02 /* AlamofireTest */ = {
			isa = PBXNativeTarget;
			buildConfigurationList = 5DE040EA1EC0BF0A00C12E02 /* Build configuration list for PBXNativeTarget "AlamofireTest" */;
			buildPhases = (
				784B3CB2978F2BA11E73D803 /* [CP] Check Pods Manifest.lock */,
				5DE040D41EC0BF0A00C12E02 /* Sources */,
				5DE040D51EC0BF0A00C12E02 /* Frameworks */,
				5DE040D61EC0BF0A00C12E02 /* Resources */,
				99F4F67268841D6595F07811 /* [CP] Embed Pods Frameworks */,
				44D863D391994FC4E8B55BB0 /* [CP] Copy Pods Resources */,
			);
			buildRules = (
			);
			dependencies = (
			);
			name = AlamofireTest;
			productName = AlamofireTest;
			productReference = 5DE040D81EC0BF0A00C12E02 /* AlamofireTest.app */;
			productType = "com.apple.product-type.application";
		};
/* End PBXNativeTarget section */

/* Begin PBXProject section */
		5DE040D01EC0BF0A00C12E02 /* Project object */ = {
			isa = PBXProject;
			attributes = {
				LastSwiftUpdateCheck = 0830;
				LastUpgradeCheck = 0830;
				ORGANIZATIONNAME = "Balázs Gerlei";
				TargetAttributes = {
					5DE040D71EC0BF0A00C12E02 = {
						CreatedOnToolsVersion = 8.3.2;
						DevelopmentTeam = Q2269NUX25;
						ProvisioningStyle = Automatic;
					};
				};
			};
			buildConfigurationList = 5DE040D31EC0BF0A00C12E02 /* Build configuration list for PBXProject "AlamofireTest" */;
			compatibilityVersion = "Xcode 3.2";
			developmentRegion = English;
			hasScannedForEncodings = 0;
			knownRegions = (
				en,
				Base,
			);
			mainGroup = 5DE040CF1EC0BF0A00C12E02;
			productRefGroup = 5DE040D91EC0BF0A00C12E02 /* Products */;
			projectDirPath = "";
			projectRoot = "";
			targets = (
				5DE040D71EC0BF0A00C12E02 /* AlamofireTest */,
			);
		};
/* End PBXProject section */

/* Begin PBXResourcesBuildPhase section */
		5DE040D61EC0BF0A00C12E02 /* Resources */ = {
			isa = PBXResourcesBuildPhase;
			buildActionMask = 2147483647;
			files = (
				5DE040E61EC0BF0A00C12E02 /* LaunchScreen.storyboard in Resources */,
				5DE040E31EC0BF0A00C12E02 /* Assets.xcassets in Resources */,
				5DE040E11EC0BF0A00C12E02 /* Main.storyboard in Resources */,
			);
			runOnlyForDeploymentPostprocessing = 0;
		};
/* End PBXResourcesBuildPhase section */

/* Begin PBXShellScriptBuildPhase section */
		44D863D391994FC4E8B55BB0 /* [CP] Copy Pods Resources */ = {
			isa = PBXShellScriptBuildPhase;
			buildActionMask = 2147483647;
			files = (
			);
			inputPaths = (
			);
			name = "[CP] Copy Pods Resources";
			outputPaths = (
			);
			runOnlyForDeploymentPostprocessing = 0;
			shellPath = /bin/sh;
			shellScript = "\"${SRCROOT}/Pods/Target Support Files/Pods-AlamofireTest/Pods-AlamofireTest-resources.sh\"\n";
			showEnvVarsInLog = 0;
		};
		784B3CB2978F2BA11E73D803 /* [CP] Check Pods Manifest.lock */ = {
			isa = PBXShellScriptBuildPhase;
			buildActionMask = 2147483647;
			files = (
			);
			inputPaths = (
			);
			name = "[CP] Check Pods Manifest.lock";
			outputPaths = (
			);
			runOnlyForDeploymentPostprocessing = 0;
			shellPath = /bin/sh;
			shellScript = "diff \"${PODS_PODFILE_DIR_PATH}/Podfile.lock\" \"${PODS_ROOT}/Manifest.lock\" > /dev/null\nif [ $? != 0 ] ; then\n    # print error to STDERR\n    echo \"error: The sandbox is not in sync with the Podfile.lock. Run 'pod install' or update your CocoaPods installation.\" >&2\n    exit 1\nfi\n";
			showEnvVarsInLog = 0;
		};
		99F4F67268841D6595F07811 /* [CP] Embed Pods Frameworks */ = {
			isa = PBXShellScriptBuildPhase;
			buildActionMask = 2147483647;
			files = (
			);
			inputPaths = (
			);
			name = "[CP] Embed Pods Frameworks";
			outputPaths = (
			);
			runOnlyForDeploymentPostprocessing = 0;
			shellPath = /bin/sh;
			shellScript = "\"${SRCROOT}/Pods/Target Support Files/Pods-AlamofireTest/Pods-AlamofireTest-frameworks.sh\"\n";
			showEnvVarsInLog = 0;
		};
/* End PBXShellScriptBuildPhase section */

/* Begin PBXSourcesBuildPhase section */
		5DE040D41EC0BF0A00C12E02 /* Sources */ = {
			isa = PBXSourcesBuildPhase;
			buildActionMask = 2147483647;
			files = (
				5DE040DE1EC0BF0A00C12E02 /* ViewController.swift in Sources */,
				5DE040DC1EC0BF0A00C12E02 /* AppDelegate.swift in Sources */,
			);
			runOnlyForDeploymentPostprocessing = 0;
		};
/* End PBXSourcesBuildPhase section */

/* Begin PBXVariantGroup section */
		5DE040DF1EC0BF0A00C12E02 /* Main.storyboard */ = {
			isa = PBXVariantGroup;
			children = (
				5DE040E01EC0BF0A00C12E02 /* Base */,
			);
			name = Main.storyboard;
			sourceTree = "<group>";
		};
		5DE040E41EC0BF0A00C12E02 /* LaunchScreen.storyboard */ = {
			isa = PBXVariantGroup;
			children = (
				5DE040E51EC0BF0A00C12E02 /* Base */,
			);
			name = LaunchScreen.storyboard;
			sourceTree = "<group>";
		};
/* End PBXVariantGroup section */

/* Begin XCBuildConfiguration section */
		5DE040E81EC0BF0A00C12E02 /* Debug */ = {
			isa = XCBuildConfiguration;
			buildSettings = {
				ALWAYS_SEARCH_USER_PATHS = NO;
				CLANG_ANALYZER_NONNULL = YES;
				CLANG_ANALYZER_NUMBER_OBJECT_CONVERSION = YES_AGGRESSIVE;
				CLANG_CXX_LANGUAGE_STANDARD = "gnu++0x";
				CLANG_CXX_LIBRARY = "libc++";
				CLANG_ENABLE_MODULES = YES;
				CLANG_ENABLE_OBJC_ARC = YES;
				CLANG_WARN_BOOL_CONVERSION = YES;
				CLANG_WARN_CONSTANT_CONVERSION = YES;
				CLANG_WARN_DIRECT_OBJC_ISA_USAGE = YES_ERROR;
				CLANG_WARN_DOCUMENTATION_COMMENTS = YES;
				CLANG_WARN_EMPTY_BODY = YES;
				CLANG_WARN_ENUM_CONVERSION = YES;
				CLANG_WARN_INFINITE_RECURSION = YES;
				CLANG_WARN_INT_CONVERSION = YES;
				CLANG_WARN_OBJC_ROOT_CLASS = YES_ERROR;
				CLANG_WARN_SUSPICIOUS_MOVE = YES;
				CLANG_WARN_UNREACHABLE_CODE = YES;
				CLANG_WARN__DUPLICATE_METHOD_MATCH = YES;
				"CODE_SIGN_IDENTITY[sdk=iphoneos*]" = "iPhone Developer";
				COPY_PHASE_STRIP = NO;
				DEBUG_INFORMATION_FORMAT = dwarf;
				ENABLE_STRICT_OBJC_MSGSEND = YES;
				ENABLE_TESTABILITY = YES;
				GCC_C_LANGUAGE_STANDARD = gnu99;
				GCC_DYNAMIC_NO_PIC = NO;
				GCC_NO_COMMON_BLOCKS = YES;
				GCC_OPTIMIZATION_LEVEL = 0;
				GCC_PREPROCESSOR_DEFINITIONS = (
					"DEBUG=1",
					"$(inherited)",
				);
				GCC_WARN_64_TO_32_BIT_CONVERSION = YES;
				GCC_WARN_ABOUT_RETURN_TYPE = YES_ERROR;
				GCC_WARN_UNDECLARED_SELECTOR = YES;
				GCC_WARN_UNINITIALIZED_AUTOS = YES_AGGRESSIVE;
				GCC_WARN_UNUSED_FUNCTION = YES;
				GCC_WARN_UNUSED_VARIABLE = YES;
				IPHONEOS_DEPLOYMENT_TARGET = 10.3;
				MTL_ENABLE_DEBUG_INFO = YES;
				ONLY_ACTIVE_ARCH = YES;
				SDKROOT = iphoneos;
				SWIFT_ACTIVE_COMPILATION_CONDITIONS = DEBUG;
				SWIFT_OPTIMIZATION_LEVEL = "-Onone";
				TARGETED_DEVICE_FAMILY = "1,2";
			};
			name = Debug;
		};
		5DE040E91EC0BF0A00C12E02 /* Release */ = {
			isa = XCBuildConfiguration;
			buildSettings = {
				ALWAYS_SEARCH_USER_PATHS = NO;
				CLANG_ANALYZER_NONNULL = YES;
				CLANG_ANALYZER_NUMBER_OBJECT_CONVERSION = YES_AGGRESSIVE;
				CLANG_CXX_LANGUAGE_STANDARD = "gnu++0x";
				CLANG_CXX_LIBRARY = "libc++";
				CLANG_ENABLE_MODULES = YES;
				CLANG_ENABLE_OBJC_ARC = YES;
				CLANG_WARN_BOOL_CONVERSION = YES;
				CLANG_WARN_CONSTANT_CONVERSION = YES;
				CLANG_WARN_DIRECT_OBJC_ISA_USAGE = YES_ERROR;
				CLANG_WARN_DOCUMENTATION_COMMENTS = YES;
				CLANG_WARN_EMPTY_BODY = YES;
				CLANG_WARN_ENUM_CONVERSION = YES;
				CLANG_WARN_INFINITE_RECURSION = YES;
				CLANG_WARN_INT_CONVERSION = YES;
				CLANG_WARN_OBJC_ROOT_CLASS = YES_ERROR;
				CLANG_WARN_SUSPICIOUS_MOVE = YES;
				CLANG_WARN_UNREACHABLE_CODE = YES;
				CLANG_WARN__DUPLICATE_METHOD_MATCH = YES;
				"CODE_SIGN_IDENTITY[sdk=iphoneos*]" = "iPhone Developer";
				COPY_PHASE_STRIP = NO;
				DEBUG_INFORMATION_FORMAT = "dwarf-with-dsym";
				ENABLE_NS_ASSERTIONS = NO;
				ENABLE_STRICT_OBJC_MSGSEND = YES;
				GCC_C_LANGUAGE_STANDARD = gnu99;
				GCC_NO_COMMON_BLOCKS = YES;
				GCC_WARN_64_TO_32_BIT_CONVERSION = YES;
				GCC_WARN_ABOUT_RETURN_TYPE = YES_ERROR;
				GCC_WARN_UNDECLARED_SELECTOR = YES;
				GCC_WARN_UNINITIALIZED_AUTOS = YES_AGGRESSIVE;
				GCC_WARN_UNUSED_FUNCTION = YES;
				GCC_WARN_UNUSED_VARIABLE = YES;
				IPHONEOS_DEPLOYMENT_TARGET = 10.3;
				MTL_ENABLE_DEBUG_INFO = NO;
				SDKROOT = iphoneos;
				SWIFT_OPTIMIZATION_LEVEL = "-Owholemodule";
				TARGETED_DEVICE_FAMILY = "1,2";
				VALIDATE_PRODUCT = YES;
			};
			name = Release;
		};
		5DE040EB1EC0BF0A00C12E02 /* Debug */ = {
			isa = XCBuildConfiguration;
			baseConfigurationReference = 27450A7F4D610402F231E2C4 /* Pods-AlamofireTest.debug.xcconfig */;
			buildSettings = {
				ASSETCATALOG_COMPILER_APPICON_NAME = AppIcon;
				DEVELOPMENT_TEAM = Q2269NUX25;
				INFOPLIST_FILE = AlamofireTest/Info.plist;
				LD_RUNPATH_SEARCH_PATHS = "$(inherited) @executable_path/Frameworks";
				PRODUCT_BUNDLE_IDENTIFIER = hu.gerlotdev.AlamofireTest;
				PRODUCT_NAME = "$(TARGET_NAME)";
				SWIFT_VERSION = 3.0;
			};
			name = Debug;
		};
		5DE040EC1EC0BF0A00C12E02 /* Release */ = {
			isa = XCBuildConfiguration;
			baseConfigurationReference = A237862358D905C7650A8E2F /* Pods-AlamofireTest.release.xcconfig */;
			buildSettings = {
				ASSETCATALOG_COMPILER_APPICON_NAME = AppIcon;
				DEVELOPMENT_TEAM = Q2269NUX25;
				INFOPLIST_FILE = AlamofireTest/Info.plist;
				LD_RUNPATH_SEARCH_PATHS = "$(inherited) @executable_path/Frameworks";
				PRODUCT_BUNDLE_IDENTIFIER = hu.gerlotdev.AlamofireTest;
				PRODUCT_NAME = "$(TARGET_NAME)";
				SWIFT_VERSION = 3.0;
			};
			name = Release;
		};
/* End XCBuildConfiguration section */

/* Begin XCConfigurationList section */
		5DE040D31EC0BF0A00C12E02 /* Build configuration list for PBXProject "AlamofireTest" */ = {
			isa = XCConfigurationList;
			buildConfigurations = (
				5DE040E81EC0BF0A00C12E02 /* Debug */,
				5DE040E91EC0BF0A00C12E02 /* Release */,
			);
			defaultConfigurationIsVisible = 0;
			defaultConfigurationName = Release;
		};
		5DE040EA1EC0BF0A00C12E02 /* Build configuration list for PBXNativeTarget "AlamofireTest" */ = {
			isa = XCConfigurationList;
			buildConfigurations = (
				5DE040EB1EC0BF0A00C12E02 /* Debug */,
				5DE040EC1EC0BF0A00C12E02 /* Release */,
			);
			defaultConfigurationIsVisible = 0;
			defaultConfigurationName = Release;
		};
/* End XCConfigurationList section */
	};
	rootObject = 5DE040D01EC0BF0A00C12E02 /* Project object */;
}
